{
  "name": "Z64Lib",
  "version": "2.1.1-nightly@bed45ff",
  "lockfileVersion": 2,
  "requires": true,
  "packages": {
    "": {
      "name": "Z64Lib",
      "version": "2.1.1-nightly@bed45ff",
      "license": "ISC",
      "dependencies": {
        "mips-assembler": "^2.0.1"
      }
    },
    "node_modules/mips-assembler": {
      "version": "2.0.1",
      "resolved": "https://registry.npmjs.org/mips-assembler/-/mips-assembler-2.0.1.tgz",
      "integrity": "sha512-YAtMbBL1dKXaN4mupLgcRhzjX7kJCKHg8S6LcpDoTXnYFuTEXSR2T/8CXGoIPL92DuRNEZELjNInOWgnN9pafw==",
      "dependencies": {
        "mips-inst": "^3.0.0"
      }
    },
    "node_modules/mips-inst": {
      "version": "3.0.0",
      "resolved": "https://registry.npmjs.org/mips-inst/-/mips-inst-3.0.0.tgz",
      "integrity": "sha512-6idJNzfzD77JSPKUJtvwEoIxOx9F6RMHUg9u0HdeHC+OS+S2tWTOmbyfqiOOfmlIprO2zrL7r4Ww7V1GvPJ0IA=="
    }
  },
  "dependencies": {
    "mips-assembler": {
      "version": "2.0.1",
      "resolved": "https://registry.npmjs.org/mips-assembler/-/mips-assembler-2.0.1.tgz",
      "integrity": "sha512-YAtMbBL1dKXaN4mupLgcRhzjX7kJCKHg8S6LcpDoTXnYFuTEXSR2T/8CXGoIPL92DuRNEZELjNInOWgnN9pafw==",
      "requires": {
        "mips-inst": "^3.0.0"
      }
    },
    "mips-inst": {
      "version": "3.0.0",
      "resolved": "https://registry.npmjs.org/mips-inst/-/mips-inst-3.0.0.tgz",
      "integrity": "sha512-6idJNzfzD77JSPKUJtvwEoIxOx9F6RMHUg9u0HdeHC+OS+S2tWTOmbyfqiOOfmlIprO2zrL7r4Ww7V1GvPJ0IA=="
    }
  }
}
